
Microsoft Visual Studio Solution File, Format Version 12.00
# Visual Studio Version 16
VisualStudioVersion = 16.0.29209.62
MinimumVisualStudioVersion = 10.0.40219.1
Project("{9A19103F-16F7-4668-BE54-9A1E7A4F7556}") = "Ecp.True.ConfigurationManager", "Ecp.True.ConfigurationManager\Ecp.True.ConfigurationManager.csproj", "{1FC4116D-6EA6-4AFD-B166-FC503B98D7F3}"
EndProject
Global
	GlobalSection(SolutionConfigurationPlatforms) = preSolution
		Debug|Any CPU = Debug|Any CPU
		Release|Any CPU = Release|Any CPU
	EndGlobalSection
	GlobalSection(ProjectConfigurationPlatforms) = postSolution
		{1FC4116D-6EA6-4AFD-B166-FC503B98D7F3}.Debug|Any CPU.ActiveCfg = Debug|Any CPU
		{1FC4116D-6EA6-4AFD-B166-FC503B98D7F3}.Debug|Any CPU.Build.0 = Debug|Any CPU
		{1FC4116D-6EA6-4AFD-B166-FC503B98D7F3}.Release|Any CPU.ActiveCfg = Release|Any CPU
		{1FC4116D-6EA6-4AFD-B166-FC503B98D7F3}.Release|Any CPU.Build.0 = Release|Any CPU
	EndGlobalSection
	GlobalSection(SolutionProperties) = preSolution
		HideSolutionNode = FALSE
	EndGlobalSection
	GlobalSection(ExtensibilityGlobals) = postSolution
		SolutionGuid = {58EECBAC-E166-44E8-A723-C7E01D17CE5F}
	EndGlobalSection
EndGlobal
